
Microsoft Visual Studio Solution File, Format Version 12.00
# Visual Studio Version 16
VisualStudioVersion = 25.0.1705.5
MinimumVisualStudioVersion = 10.0.40219.1
Project("{FAE04EC0-301F-11D3-BF4B-00C04F79EFBC}") = "GeneralTest", "LeetMixAlgo\GeneralTest.csproj", "{B198B30A-3C1C-4B01-8CE0-49CB17B07143}"
EndProject
Project("{FAE04EC0-301F-11D3-BF4B-00C04F79EFBC}") = "GeneralTest2", "GeneralTest2\GeneralTest2.csproj", "{AC5B1397-4111-4F04-9285-EA3DFE5883D3}"
EndProject
Project("{FAE04EC0-301F-11D3-BF4B-00C04F79EFBC}") = "GeneralTest3", "GeneralTest3\GeneralTest3.csproj", "{757AA7AB-3299-4157-A892-D912D5FD08D1}"
EndProject
Project("{FAE04EC0-301F-11D3-BF4B-00C04F79EFBC}") = "LengthOfLastWord", "LengthOfLastWord\LengthOfLastWord.csproj", "{1C7AE719-D7CB-46FF-B9EF-8E8AD1B66D14}"
EndProject
Project("{FAE04EC0-301F-11D3-BF4B-00C04F79EFBC}") = "PlusOne", "PlusOne\PlusOne.csproj", "{16414531-3022-4A40-B770-273D4A2B869A}"
EndProject
Project("{FAE04EC0-301F-11D3-BF4B-00C04F79EFBC}") = "Test", "Test\Test.csproj", "{D3172D71-36A2-4A99-B827-896F429E3D65}"
EndProject
Project("{2150E333-8FDC-42A3-9474-1A3956D46DE8}") = "SlidingWindowAlgo", "SlidingWindowAlgo", "{05BAD4CC-DCCA-40CD-92C8-95453C447E65}"
EndProject
Project("{FAE04EC0-301F-11D3-BF4B-00C04F79EFBC}") = "ContainsDuplicate", "ContainsDuplicate\ContainsDuplicate.csproj", "{FD2FAFFA-EDBB-4922-A6EC-D7E3317F0403}"
EndProject
Global
	GlobalSection(SolutionConfigurationPlatforms) = preSolution
		Debug|Any CPU = Debug|Any CPU
		Release|Any CPU = Release|Any CPU
	EndGlobalSection
	GlobalSection(ProjectConfigurationPlatforms) = postSolution
		{B198B30A-3C1C-4B01-8CE0-49CB17B07143}.Debug|Any CPU.ActiveCfg = Debug|Any CPU
		{B198B30A-3C1C-4B01-8CE0-49CB17B07143}.Debug|Any CPU.Build.0 = Debug|Any CPU
		{B198B30A-3C1C-4B01-8CE0-49CB17B07143}.Release|Any CPU.ActiveCfg = Release|Any CPU
		{B198B30A-3C1C-4B01-8CE0-49CB17B07143}.Release|Any CPU.Build.0 = Release|Any CPU
		{AC5B1397-4111-4F04-9285-EA3DFE5883D3}.Debug|Any CPU.ActiveCfg = Debug|Any CPU
		{AC5B1397-4111-4F04-9285-EA3DFE5883D3}.Debug|Any CPU.Build.0 = Debug|Any CPU
		{AC5B1397-4111-4F04-9285-EA3DFE5883D3}.Release|Any CPU.ActiveCfg = Release|Any CPU
		{AC5B1397-4111-4F04-9285-EA3DFE5883D3}.Release|Any CPU.Build.0 = Release|Any CPU
		{757AA7AB-3299-4157-A892-D912D5FD08D1}.Debug|Any CPU.ActiveCfg = Debug|Any CPU
		{757AA7AB-3299-4157-A892-D912D5FD08D1}.Debug|Any CPU.Build.0 = Debug|Any CPU
		{757AA7AB-3299-4157-A892-D912D5FD08D1}.Release|Any CPU.ActiveCfg = Release|Any CPU
		{757AA7AB-3299-4157-A892-D912D5FD08D1}.Release|Any CPU.Build.0 = Release|Any CPU
		{1C7AE719-D7CB-46FF-B9EF-8E8AD1B66D14}.Debug|Any CPU.ActiveCfg = Debug|Any CPU
		{1C7AE719-D7CB-46FF-B9EF-8E8AD1B66D14}.Debug|Any CPU.Build.0 = Debug|Any CPU
		{1C7AE719-D7CB-46FF-B9EF-8E8AD1B66D14}.Release|Any CPU.ActiveCfg = Release|Any CPU
		{1C7AE719-D7CB-46FF-B9EF-8E8AD1B66D14}.Release|Any CPU.Build.0 = Release|Any CPU
		{16414531-3022-4A40-B770-273D4A2B869A}.Debug|Any CPU.ActiveCfg = Debug|Any CPU
		{16414531-3022-4A40-B770-273D4A2B869A}.Debug|Any CPU.Build.0 = Debug|Any CPU
		{16414531-3022-4A40-B770-273D4A2B869A}.Release|Any CPU.ActiveCfg = Release|Any CPU
		{16414531-3022-4A40-B770-273D4A2B869A}.Release|Any CPU.Build.0 = Release|Any CPU
		{D3172D71-36A2-4A99-B827-896F429E3D65}.Debug|Any CPU.ActiveCfg = Debug|Any CPU
		{D3172D71-36A2-4A99-B827-896F429E3D65}.Debug|Any CPU.Build.0 = Debug|Any CPU
		{D3172D71-36A2-4A99-B827-896F429E3D65}.Release|Any CPU.ActiveCfg = Release|Any CPU
		{D3172D71-36A2-4A99-B827-896F429E3D65}.Release|Any CPU.Build.0 = Release|Any CPU
		{FD2FAFFA-EDBB-4922-A6EC-D7E3317F0403}.Debug|Any CPU.ActiveCfg = Debug|Any CPU
		{FD2FAFFA-EDBB-4922-A6EC-D7E3317F0403}.Debug|Any CPU.Build.0 = Debug|Any CPU
		{FD2FAFFA-EDBB-4922-A6EC-D7E3317F0403}.Release|Any CPU.ActiveCfg = Release|Any CPU
		{FD2FAFFA-EDBB-4922-A6EC-D7E3317F0403}.Release|Any CPU.Build.0 = Release|Any CPU
	EndGlobalSection
	GlobalSection(SolutionProperties) = preSolution
		HideSolutionNode = FALSE
	EndGlobalSection
	GlobalSection(ExtensibilityGlobals) = postSolution
		SolutionGuid = {438E1530-DDF0-45D1-9ED8-B80445248FCC}
	EndGlobalSection
	GlobalSection(NestedProjects) = preSolution
		{FD2FAFFA-EDBB-4922-A6EC-D7E3317F0403} = {05BAD4CC-DCCA-40CD-92C8-95453C447E65}
	EndGlobalSection
EndGlobal
